
Microsoft Visual Studio Solution File, Format Version 12.00
# Visual Studio 2012
Project("{FAE04EC0-301F-11D3-BF4B-00C04F79EFBC}") = "UnityVS.WorkshopProBuilder.CSharp.Plugins", "UnityVS.WorkshopProBuilder.CSharp.Plugins.csproj", "{15709EF1-4F8C-408A-BDC8-BC7E1661EEFB}"
EndProject
Project("{FAE04EC0-301F-11D3-BF4B-00C04F79EFBC}") = "UnityVS.WorkshopProBuilder.CSharp", "UnityVS.WorkshopProBuilder.CSharp.csproj", "{FEB10B72-EA16-6FC7-5790-377E1EBA9F22}"
EndProject
Project("{FAE04EC0-301F-11D3-BF4B-00C04F79EFBC}") = "UnityVS.WorkshopProBuilder.CSharp.Editor", "UnityVS.WorkshopProBuilder.CSharp.Editor.csproj", "{DA736681-B3B8-D498-5C50-0DFB06FD60B7}"
EndProject
Global
	GlobalSection(SolutionConfigurationPlatforms) = preSolution
		Debug|Any CPU = Debug|Any CPU
		Release|Any CPU = Release|Any CPU
	EndGlobalSection
	GlobalSection(ProjectConfigurationPlatforms) = postSolution
		{15709EF1-4F8C-408A-BDC8-BC7E1661EEFB}.Debug|Any CPU.ActiveCfg = Debug|Any CPU
		{15709EF1-4F8C-408A-BDC8-BC7E1661EEFB}.Debug|Any CPU.Build.0 = Debug|Any CPU
		{15709EF1-4F8C-408A-BDC8-BC7E1661EEFB}.Release|Any CPU.ActiveCfg = Release|Any CPU
		{15709EF1-4F8C-408A-BDC8-BC7E1661EEFB}.Release|Any CPU.Build.0 = Release|Any CPU
		{FEB10B72-EA16-6FC7-5790-377E1EBA9F22}.Debug|Any CPU.ActiveCfg = Debug|Any CPU
		{FEB10B72-EA16-6FC7-5790-377E1EBA9F22}.Debug|Any CPU.Build.0 = Debug|Any CPU
		{FEB10B72-EA16-6FC7-5790-377E1EBA9F22}.Release|Any CPU.ActiveCfg = Release|Any CPU
		{FEB10B72-EA16-6FC7-5790-377E1EBA9F22}.Release|Any CPU.Build.0 = Release|Any CPU
		{DA736681-B3B8-D498-5C50-0DFB06FD60B7}.Debug|Any CPU.ActiveCfg = Debug|Any CPU
		{DA736681-B3B8-D498-5C50-0DFB06FD60B7}.Debug|Any CPU.Build.0 = Debug|Any CPU
		{DA736681-B3B8-D498-5C50-0DFB06FD60B7}.Release|Any CPU.ActiveCfg = Release|Any CPU
		{DA736681-B3B8-D498-5C50-0DFB06FD60B7}.Release|Any CPU.Build.0 = Release|Any CPU
	EndGlobalSection
	GlobalSection(SolutionProperties) = preSolution
		HideSolutionNode = FALSE
	EndGlobalSection
EndGlobal
